# CI/test/typecheck closure layered on the exact runtime lock.
# artifact-profile: windows-cp313
--require-hashes

-r requirements.lock

attrs==24.3.0 --hash=sha256:ac96cd038792094f438ad1f6ff80837353805ac950cd2aa0e0625ef19850c308
colorama==0.4.6 --hash=sha256:4f1d9991f5acc0ca119f9d443620b77f9d6b33703e51011c16baf57afb285fc6
iniconfig==2.0.0 --hash=sha256:b6a85871a79d2e3b22d2d1b94ac2824226a63c6b741c88f7ae975f18b6778374
jsonschema==4.25.1 --hash=sha256:3fba0169e345c7175110351d456342c364814cfcf3b964ba4587f22915230a63
jsonschema-specifications==2024.10.1 --hash=sha256:a09a0680616357d9a0ecf05c12ad234479f549239d0f5b55f3deea67475da9bf
mypy==1.13.0 --hash=sha256:9f73dba9ec77acb86457a8fc04b5239822df0c14a082564737833d2963677dbc
mypy_extensions==1.0.0 --hash=sha256:4392f6c0eb8a5668a69e23d168ffa70f0be9ccfd32b5cc2d26a34ae5b844552d
pathspec==0.12.1 --hash=sha256:a0d503e138a4c123b27490a4f7beda6a01c6f288df0e4a8b79c7eb0dc7b4cc08
pluggy==1.5.0 --hash=sha256:44e1ad92c8ca002de6377e165f3e0f1be63266ab4d554740532335b9d75ea669
Pygments==2.18.0 --hash=sha256:b8e6aca0523f3ab76fee51799c488e38782ac06eafcf95e7ba832985c8e7b13a
pytest==8.3.4 --hash=sha256:50e16d954148559c9a74109af1eaf0c945ba2d8f30f0a3d3335edde19788b6f6
referencing==0.35.1 --hash=sha256:eda6d3234d62814d1c64e305c1331c9a3a6132da475ab6382eaa997b21ee75de
rpds-py==0.22.3 --hash=sha256:c58e2339def52ef6b71b8f36d13c3688ea23fa093353f3a4fee2556e62086ec9
ruff==0.8.4 --hash=sha256:f21a1143776f8656d7f364bd264a9d60f01b7f52243fbe90e7670c0dfe0cf65d
types-requests==2.32.0.20241016 --hash=sha256:4195d62d6d3e043a4eaaf08ff8a62184584d2e8684e9d2aa178c7915a7da3747
